// !$*UTF8*$!
{
	archiveVersion = 1;
	classes = {
	};
	objectVersion = 46;
	objects = {

/* Begin PBXBuildFile section */
		505BFC111E09741E00AAC3D2 /* Sheet.storyboard in Resources */ = {isa = PBXBuildFile; fileRef = 505BFC101E09741E00AAC3D2 /* Sheet.storyboard */; };
		505BFC171E0ABE7100AAC3D2 /* SheetViewController.swift in Sources */ = {isa = PBXBuildFile; fileRef = 505BFC161E0ABE7100AAC3D2 /* SheetViewController.swift */; };
		505BFC191E0ABE9600AAC3D2 /* DesignSheetViewController.swift in Sources */ = {isa = PBXBuildFile; fileRef = 505BFC181E0ABE9600AAC3D2 /* DesignSheetViewController.swift */; };
		505BFC1D1E0CCDEB00AAC3D2 /* SheetViewModel.swift in Sources */ = {isa = PBXBuildFile; fileRef = 505BFC1C1E0CCDEB00AAC3D2 /* SheetViewModel.swift */; };
		505BFC1F1E0CCE3100AAC3D2 /* DesignSheetViewModel.swift in Sources */ = {isa = PBXBuildFile; fileRef = 505BFC1E1E0CCE3100AAC3D2 /* DesignSheetViewModel.swift */; };
		505BFC231E0CFC8B00AAC3D2 /* DesignSheet.storyboard in Resources */ = {isa = PBXBuildFile; fileRef = 505BFC221E0CFC8B00AAC3D2 /* DesignSheet.storyboard */; };
		505BFC251E0E09D900AAC3D2 /* Item.storyboard in Resources */ = {isa = PBXBuildFile; fileRef = 505BFC241E0E09D900AAC3D2 /* Item.storyboard */; };
		505BFC271E0E0C4000AAC3D2 /* ItemViewController.swift in Sources */ = {isa = PBXBuildFile; fileRef = 505BFC261E0E0C4000AAC3D2 /* ItemViewController.swift */; };
		505BFC291E0E0C7C00AAC3D2 /* ItemViewModel.swift in Sources */ = {isa = PBXBuildFile; fileRef = 505BFC281E0E0C7C00AAC3D2 /* ItemViewModel.swift */; };
		50AE03541E0642CF00739B0B /* RxCocoaComplement.swift in Sources */ = {isa = PBXBuildFile; fileRef = 50AE03531E0642CF00739B0B /* RxCocoaComplement.swift */; };
		50AE03561E06586400739B0B /* ItemNameViewModel.swift in Sources */ = {isa = PBXBuildFile; fileRef = 50AE03551E06586400739B0B /* ItemNameViewModel.swift */; };
		50AE035B1E06B25200739B0B /* ItemName.storyboard in Resources */ = {isa = PBXBuildFile; fileRef = 50AE035A1E06B25200739B0B /* ItemName.storyboard */; };
		50AE035D1E06B42400739B0B /* ItemNameViewController.swift in Sources */ = {isa = PBXBuildFile; fileRef = 50AE035C1E06B42400739B0B /* ItemNameViewController.swift */; };
		50BD22FE1E0514D200A64650 /* Resource.swift in Sources */ = {isa = PBXBuildFile; fileRef = 50BD22FC1E0514D200A64650 /* Resource.swift */; };
		50BD22FF1E0514D200A64650 /* Resource+Id.swift in Sources */ = {isa = PBXBuildFile; fileRef = 50BD22FD1E0514D200A64650 /* Resource+Id.swift */; };
		50BD23021E05165500A64650 /* SheetListViewModel.swift in Sources */ = {isa = PBXBuildFile; fileRef = 50BD23011E05165500A64650 /* SheetListViewModel.swift */; };
		50BD23041E05289100A64650 /* MainViewModel.swift in Sources */ = {isa = PBXBuildFile; fileRef = 50BD23031E05289100A64650 /* MainViewModel.swift */; };
		50BD23061E05360900A64650 /* ViewControllerFactory.swift in Sources */ = {isa = PBXBuildFile; fileRef = 50BD23051E05360900A64650 /* ViewControllerFactory.swift */; };
		50C45E1D1E0F70E500F72DD0 /* Context.swift in Sources */ = {isa = PBXBuildFile; fileRef = 50C45E1C1E0F70E500F72DD0 /* Context.swift */; };
		50C45E1F1E11470B00F72DD0 /* ItemType.storyboard in Resources */ = {isa = PBXBuildFile; fileRef = 50C45E1E1E11470B00F72DD0 /* ItemType.storyboard */; };
		50C45E211E11479200F72DD0 /* ItemTypeViewController.swift in Sources */ = {isa = PBXBuildFile; fileRef = 50C45E201E11479200F72DD0 /* ItemTypeViewController.swift */; };
		50C45E231E11482100F72DD0 /* ItemTypeViewModel.swift in Sources */ = {isa = PBXBuildFile; fileRef = 50C45E221E11482100F72DD0 /* ItemTypeViewModel.swift */; };
		50C45E251E17595600F72DD0 /* ItemFormatViewController.swift in Sources */ = {isa = PBXBuildFile; fileRef = 50C45E241E17595600F72DD0 /* ItemFormatViewController.swift */; };
		50C45E271E175B7400F72DD0 /* ItemFormatViewModel.swift in Sources */ = {isa = PBXBuildFile; fileRef = 50C45E261E175B7400F72DD0 /* ItemFormatViewModel.swift */; };
		50C45E291E17E19C00F72DD0 /* ItemFormat.storyboard in Resources */ = {isa = PBXBuildFile; fileRef = 50C45E281E17E19C00F72DD0 /* ItemFormat.storyboard */; };
		50C45E2B1E191E5600F72DD0 /* FormulaViewModel.swift in Sources */ = {isa = PBXBuildFile; fileRef = 50C45E2A1E191E5600F72DD0 /* FormulaViewModel.swift */; };
		50C45E2D1E19215900F72DD0 /* FormulaViewController.swift in Sources */ = {isa = PBXBuildFile; fileRef = 50C45E2C1E19215900F72DD0 /* FormulaViewController.swift */; };
		50C45E2F1E1926A400F72DD0 /* Formula.storyboard in Resources */ = {isa = PBXBuildFile; fileRef = 50C45E2E1E1926A400F72DD0 /* Formula.storyboard */; };
		50C45E331E209B6200F72DD0 /* SheetDatabase.swift in Sources */ = {isa = PBXBuildFile; fileRef = 50C45E321E209B6200F72DD0 /* SheetDatabase.swift */; };
		50C45E371E20B7D200F72DD0 /* Storage.swift in Sources */ = {isa = PBXBuildFile; fileRef = 50C45E361E20B7D200F72DD0 /* Storage.swift */; };
		50C45E391E20C14300F72DD0 /* SheetListStore.swift in Sources */ = {isa = PBXBuildFile; fileRef = 50C45E381E20C14300F72DD0 /* SheetListStore.swift */; };
		50C45E3C1E21034800F72DD0 /* SheetListStoreTests.swift in Sources */ = {isa = PBXBuildFile; fileRef = 50C45E3B1E21034800F72DD0 /* SheetListStoreTests.swift */; };
		50C45E3E1E2103CF00F72DD0 /* TestSheetDatabase.swift in Sources */ = {isa = PBXBuildFile; fileRef = 50C45E3D1E2103CF00F72DD0 /* TestSheetDatabase.swift */; };
		50C45E3F1E21093200F72DD0 /* Formulitic.framework in Frameworks */ = {isa = PBXBuildFile; fileRef = 50CE21B21DFD85CC0042E103 /* Formulitic.framework */; };
		50C45E401E21093200F72DD0 /* Realm.framework in Frameworks */ = {isa = PBXBuildFile; fileRef = 50CE21B81DFD85F30042E103 /* Realm.framework */; };
		50C45E411E21093200F72DD0 /* RealmSwift.framework in Frameworks */ = {isa = PBXBuildFile; fileRef = 50CE21B91DFD85F30042E103 /* RealmSwift.framework */; };
		50C45E421E21093200F72DD0 /* RxCocoa.framework in Frameworks */ = {isa = PBXBuildFile; fileRef = 50CE21B41DFD85D00042E103 /* RxCocoa.framework */; };
		50C45E431E21093200F72DD0 /* RxSwift.framework in Frameworks */ = {isa = PBXBuildFile; fileRef = 50CE21B61DFD85D30042E103 /* RxSwift.framework */; };
		50C45E451E210E1500F72DD0 /* FulfillObserver.swift in Sources */ = {isa = PBXBuildFile; fileRef = 50C45E441E210E1500F72DD0 /* FulfillObserver.swift */; };
		50C45E471E212C1300F72DD0 /* SheetStore.swift in Sources */ = {isa = PBXBuildFile; fileRef = 50C45E461E212C1300F72DD0 /* SheetStore.swift */; };
		50C45E491E2202A400F72DD0 /* SheetStoreTests.swift in Sources */ = {isa = PBXBuildFile; fileRef = 50C45E481E2202A400F72DD0 /* SheetStoreTests.swift */; };
		50C45E4B1E2273F200F72DD0 /* InputOneTextViewModel.swift in Sources */ = {isa = PBXBuildFile; fileRef = 50C45E4A1E2273F200F72DD0 /* InputOneTextViewModel.swift */; };
		50C45E4E1E230D1A00F72DD0 /* Localizable.strings in Resources */ = {isa = PBXBuildFile; fileRef = 50C45E4D1E230D1A00F72DD0 /* Localizable.strings */; };
		50C45E501E230E6600F72DD0 /* Resource+String.swift in Sources */ = {isa = PBXBuildFile; fileRef = 50C45E4F1E230E6600F72DD0 /* Resource+String.swift */; };
		50C45E521E230FAB00F72DD0 /* ResourceUtils.swift in Sources */ = {isa = PBXBuildFile; fileRef = 50C45E511E230FAB00F72DD0 /* ResourceUtils.swift */; };
		50C45E541E2378A700F72DD0 /* ErrorStore.swift in Sources */ = {isa = PBXBuildFile; fileRef = 50C45E531E2378A700F72DD0 /* ErrorStore.swift */; };
		50CE21921DFD83140042E103 /* AppDelegate.swift in Sources */ = {isa = PBXBuildFile; fileRef = 50CE21911DFD83140042E103 /* AppDelegate.swift */; };
		50CE21941DFD83140042E103 /* MainViewController.swift in Sources */ = {isa = PBXBuildFile; fileRef = 50CE21931DFD83140042E103 /* MainViewController.swift */; };
		50CE21971DFD83140042E103 /* Main.storyboard in Resources */ = {isa = PBXBuildFile; fileRef = 50CE21951DFD83140042E103 /* Main.storyboard */; };
		50CE21991DFD83140042E103 /* Assets.xcassets in Resources */ = {isa = PBXBuildFile; fileRef = 50CE21981DFD83140042E103 /* Assets.xcassets */; };
		50CE219C1DFD83140042E103 /* LaunchScreen.storyboard in Resources */ = {isa = PBXBuildFile; fileRef = 50CE219A1DFD83140042E103 /* LaunchScreen.storyboard */; };
		50CE21B31DFD85CC0042E103 /* Formulitic.framework in Frameworks */ = {isa = PBXBuildFile; fileRef = 50CE21B21DFD85CC0042E103 /* Formulitic.framework */; };
		50CE21B51DFD85D00042E103 /* RxCocoa.framework in Frameworks */ = {isa = PBXBuildFile; fileRef = 50CE21B41DFD85D00042E103 /* RxCocoa.framework */; };
		50CE21B71DFD85D30042E103 /* RxSwift.framework in Frameworks */ = {isa = PBXBuildFile; fileRef = 50CE21B61DFD85D30042E103 /* RxSwift.framework */; };
		50CE21BA1DFD85F30042E103 /* Realm.framework in Frameworks */ = {isa = PBXBuildFile; fileRef = 50CE21B81DFD85F30042E103 /* Realm.framework */; };
		50CE21BB1DFD85F30042E103 /* RealmSwift.framework in Frameworks */ = {isa = PBXBuildFile; fileRef = 50CE21B91DFD85F30042E103 /* RealmSwift.framework */; };
		50F6FEC31E02BF8E002E849C /* ActionObserver.swift in Sources */ = {isa = PBXBuildFile; fileRef = 50F6FEBC1E02BF8E002E849C /* ActionObserver.swift */; };
		50F6FEC51E02BF8E002E849C /* TransitionMessage.swift in Sources */ = {isa = PBXBuildFile; fileRef = 50F6FEBF1E02BF8E002E849C /* TransitionMessage.swift */; };
		50F6FEC61E02BF8E002E849C /* Message.swift in Sources */ = {isa = PBXBuildFile; fileRef = 50F6FEC01E02BF8E002E849C /* Message.swift */; };
		50F6FEC71E02BF8E002E849C /* MessageSlot.swift in Sources */ = {isa = PBXBuildFile; fileRef = 50F6FEC11E02BF8E002E849C /* MessageSlot.swift */; };
		50F6FEC81E02BF8E002E849C /* ViewModel.swift in Sources */ = {isa = PBXBuildFile; fileRef = 50F6FEC21E02BF8E002E849C /* ViewModel.swift */; };
		50F6FECC1E02D2DA002E849C /* UIViewController+Transition.swift in Sources */ = {isa = PBXBuildFile; fileRef = 50F6FECB1E02D2DA002E849C /* UIViewController+Transition.swift */; };
		50F6FECE1E035A1C002E849C /* DismissingMessage.swift in Sources */ = {isa = PBXBuildFile; fileRef = 50F6FECD1E035A1C002E849C /* DismissingMessage.swift */; };
		50F6FED01E050FBC002E849C /* SheetList.storyboard in Resources */ = {isa = PBXBuildFile; fileRef = 50F6FECF1E050FBC002E849C /* SheetList.storyboard */; };
		50F6FED21E051056002E849C /* SheetListViewController.swift in Sources */ = {isa = PBXBuildFile; fileRef = 50F6FED11E051056002E849C /* SheetListViewController.swift */; };
/* End PBXBuildFile section */

/* Begin PBXContainerItemProxy section */
		50CE21A31DFD83140042E103 /* PBXContainerItemProxy */ = {
			isa = PBXContainerItemProxy;
			containerPortal = 50CE21861DFD83140042E103 /* Project object */;
			proxyType = 1;
			remoteGlobalIDString = 50CE218D1DFD83140042E103;
			remoteInfo = FormulaCalc;
		};
/* End PBXContainerItemProxy section */

/* Begin PBXFileReference section */
		505BFC101E09741E00AAC3D2 /* Sheet.storyboard */ = {isa = PBXFileReference; fileEncoding = 4; lastKnownFileType = file.storyboard; path = Sheet.storyboard; sourceTree = "<group>"; };
		505BFC161E0ABE7100AAC3D2 /* SheetViewController.swift */ = {isa = PBXFileReference; fileEncoding = 4; lastKnownFileType = sourcecode.swift; path = SheetViewController.swift; sourceTree = "<group>"; };
		505BFC181E0ABE9600AAC3D2 /* DesignSheetViewController.swift */ = {isa = PBXFileReference; fileEncoding = 4; lastKnownFileType = sourcecode.swift; path = DesignSheetViewController.swift; sourceTree = "<group>"; };
		505BFC1C1E0CCDEB00AAC3D2 /* SheetViewModel.swift */ = {isa = PBXFileReference; fileEncoding = 4; lastKnownFileType = sourcecode.swift; path = SheetViewModel.swift; sourceTree = "<group>"; };
		505BFC1E1E0CCE3100AAC3D2 /* DesignSheetViewModel.swift */ = {isa = PBXFileReference; fileEncoding = 4; lastKnownFileType = sourcecode.swift; path = DesignSheetViewModel.swift; sourceTree = "<group>"; };
		505BFC221E0CFC8B00AAC3D2 /* DesignSheet.storyboard */ = {isa = PBXFileReference; fileEncoding = 4; lastKnownFileType = file.storyboard; path = DesignSheet.storyboard; sourceTree = "<group>"; };
		505BFC241E0E09D900AAC3D2 /* Item.storyboard */ = {isa = PBXFileReference; fileEncoding = 4; lastKnownFileType = file.storyboard; path = Item.storyboard; sourceTree = "<group>"; };
		505BFC261E0E0C4000AAC3D2 /* ItemViewController.swift */ = {isa = PBXFileReference; fileEncoding = 4; lastKnownFileType = sourcecode.swift; path = ItemViewController.swift; sourceTree = "<group>"; };
		505BFC281E0E0C7C00AAC3D2 /* ItemViewModel.swift */ = {isa = PBXFileReference; fileEncoding = 4; lastKnownFileType = sourcecode.swift; path = ItemViewModel.swift; sourceTree = "<group>"; };
		50AE03531E0642CF00739B0B /* RxCocoaComplement.swift */ = {isa = PBXFileReference; fileEncoding = 4; lastKnownFileType = sourcecode.swift; path = RxCocoaComplement.swift; sourceTree = "<group>"; };
		50AE03551E06586400739B0B /* ItemNameViewModel.swift */ = {isa = PBXFileReference; fileEncoding = 4; lastKnownFileType = sourcecode.swift; path = ItemNameViewModel.swift; sourceTree = "<group>"; };
		50AE035A1E06B25200739B0B /* ItemName.storyboard */ = {isa = PBXFileReference; fileEncoding = 4; lastKnownFileType = file.storyboard; path = ItemName.storyboard; sourceTree = "<group>"; };
		50AE035C1E06B42400739B0B /* ItemNameViewController.swift */ = {isa = PBXFileReference; fileEncoding = 4; lastKnownFileType = sourcecode.swift; path = ItemNameViewController.swift; sourceTree = "<group>"; };
		50BD22FC1E0514D200A64650 /* Resource.swift */ = {isa = PBXFileReference; fileEncoding = 4; lastKnownFileType = sourcecode.swift; path = Resource.swift; sourceTree = "<group>"; };
		50BD22FD1E0514D200A64650 /* Resource+Id.swift */ = {isa = PBXFileReference; fileEncoding = 4; lastKnownFileType = sourcecode.swift; path = "Resource+Id.swift"; sourceTree = "<group>"; };
		50BD23011E05165500A64650 /* SheetListViewModel.swift */ = {isa = PBXFileReference; fileEncoding = 4; lastKnownFileType = sourcecode.swift; path = SheetListViewModel.swift; sourceTree = "<group>"; };
		50BD23031E05289100A64650 /* MainViewModel.swift */ = {isa = PBXFileReference; fileEncoding = 4; lastKnownFileType = sourcecode.swift; path = MainViewModel.swift; sourceTree = "<group>"; };
		50BD23051E05360900A64650 /* ViewControllerFactory.swift */ = {isa = PBXFileReference; fileEncoding = 4; lastKnownFileType = sourcecode.swift; path = ViewControllerFactory.swift; sourceTree = "<group>"; };
		50C45E1C1E0F70E500F72DD0 /* Context.swift */ = {isa = PBXFileReference; fileEncoding = 4; lastKnownFileType = sourcecode.swift; path = Context.swift; sourceTree = "<group>"; };
		50C45E1E1E11470B00F72DD0 /* ItemType.storyboard */ = {isa = PBXFileReference; fileEncoding = 4; lastKnownFileType = file.storyboard; path = ItemType.storyboard; sourceTree = "<group>"; };
		50C45E201E11479200F72DD0 /* ItemTypeViewController.swift */ = {isa = PBXFileReference; fileEncoding = 4; lastKnownFileType = sourcecode.swift; path = ItemTypeViewController.swift; sourceTree = "<group>"; };
		50C45E221E11482100F72DD0 /* ItemTypeViewModel.swift */ = {isa = PBXFileReference; fileEncoding = 4; lastKnownFileType = sourcecode.swift; path = ItemTypeViewModel.swift; sourceTree = "<group>"; };
		50C45E241E17595600F72DD0 /* ItemFormatViewController.swift */ = {isa = PBXFileReference; fileEncoding = 4; lastKnownFileType = sourcecode.swift; path = ItemFormatViewController.swift; sourceTree = "<group>"; };
		50C45E261E175B7400F72DD0 /* ItemFormatViewModel.swift */ = {isa = PBXFileReference; fileEncoding = 4; lastKnownFileType = sourcecode.swift; path = ItemFormatViewModel.swift; sourceTree = "<group>"; };
		50C45E281E17E19C00F72DD0 /* ItemFormat.storyboard */ = {isa = PBXFileReference; fileEncoding = 4; lastKnownFileType = file.storyboard; path = ItemFormat.storyboard; sourceTree = "<group>"; };
		50C45E2A1E191E5600F72DD0 /* FormulaViewModel.swift */ = {isa = PBXFileReference; fileEncoding = 4; lastKnownFileType = sourcecode.swift; path = FormulaViewModel.swift; sourceTree = "<group>"; };
		50C45E2C1E19215900F72DD0 /* FormulaViewController.swift */ = {isa = PBXFileReference; fileEncoding = 4; lastKnownFileType = sourcecode.swift; path = FormulaViewController.swift; sourceTree = "<group>"; };
		50C45E2E1E1926A400F72DD0 /* Formula.storyboard */ = {isa = PBXFileReference; fileEncoding = 4; lastKnownFileType = file.storyboard; path = Formula.storyboard; sourceTree = "<group>"; };
		50C45E321E209B6200F72DD0 /* SheetDatabase.swift */ = {isa = PBXFileReference; fileEncoding = 4; lastKnownFileType = sourcecode.swift; path = SheetDatabase.swift; sourceTree = "<group>"; };
		50C45E361E20B7D200F72DD0 /* Storage.swift */ = {isa = PBXFileReference; fileEncoding = 4; lastKnownFileType = sourcecode.swift; path = Storage.swift; sourceTree = "<group>"; };
		50C45E381E20C14300F72DD0 /* SheetListStore.swift */ = {isa = PBXFileReference; fileEncoding = 4; lastKnownFileType = sourcecode.swift; path = SheetListStore.swift; sourceTree = "<group>"; };
		50C45E3B1E21034800F72DD0 /* SheetListStoreTests.swift */ = {isa = PBXFileReference; fileEncoding = 4; lastKnownFileType = sourcecode.swift; path = SheetListStoreTests.swift; sourceTree = "<group>"; };
		50C45E3D1E2103CF00F72DD0 /* TestSheetDatabase.swift */ = {isa = PBXFileReference; fileEncoding = 4; lastKnownFileType = sourcecode.swift; path = TestSheetDatabase.swift; sourceTree = "<group>"; };
		50C45E441E210E1500F72DD0 /* FulfillObserver.swift */ = {isa = PBXFileReference; fileEncoding = 4; lastKnownFileType = sourcecode.swift; path = FulfillObserver.swift; sourceTree = "<group>"; };
		50C45E461E212C1300F72DD0 /* SheetStore.swift */ = {isa = PBXFileReference; fileEncoding = 4; lastKnownFileType = sourcecode.swift; path = SheetStore.swift; sourceTree = "<group>"; };
		50C45E481E2202A400F72DD0 /* SheetStoreTests.swift */ = {isa = PBXFileReference; fileEncoding = 4; lastKnownFileType = sourcecode.swift; path = SheetStoreTests.swift; sourceTree = "<group>"; };
		50C45E4A1E2273F200F72DD0 /* InputOneTextViewModel.swift */ = {isa = PBXFileReference; fileEncoding = 4; lastKnownFileType = sourcecode.swift; path = InputOneTextViewModel.swift; sourceTree = "<group>"; };
		50C45E4D1E230D1A00F72DD0 /* Localizable.strings */ = {isa = PBXFileReference; fileEncoding = 4; lastKnownFileType = text.plist.strings; path = Localizable.strings; sourceTree = "<group>"; };
		50C45E4F1E230E6600F72DD0 /* Resource+String.swift */ = {isa = PBXFileReference; fileEncoding = 4; lastKnownFileType = sourcecode.swift; path = "Resource+String.swift"; sourceTree = "<group>"; };
		50C45E511E230FAB00F72DD0 /* ResourceUtils.swift */ = {isa = PBXFileReference; fileEncoding = 4; lastKnownFileType = sourcecode.swift; path = ResourceUtils.swift; sourceTree = "<group>"; };
		50C45E531E2378A700F72DD0 /* ErrorStore.swift */ = {isa = PBXFileReference; fileEncoding = 4; lastKnownFileType = sourcecode.swift; path = ErrorStore.swift; sourceTree = "<group>"; };
		50CE218E1DFD83140042E103 /* FormulaCalc.app */ = {isa = PBXFileReference; explicitFileType = wrapper.application; includeInIndex = 0; path = FormulaCalc.app; sourceTree = BUILT_PRODUCTS_DIR; };
		50CE21911DFD83140042E103 /* AppDelegate.swift */ = {isa = PBXFileReference; lastKnownFileType = sourcecode.swift; path = AppDelegate.swift; sourceTree = "<group>"; };
		50CE21931DFD83140042E103 /* MainViewController.swift */ = {isa = PBXFileReference; lastKnownFileType = sourcecode.swift; path = MainViewController.swift; sourceTree = "<group>"; };
		50CE21961DFD83140042E103 /* Base */ = {isa = PBXFileReference; lastKnownFileType = file.storyboard; name = Base; path = Base.lproj/Main.storyboard; sourceTree = "<group>"; };
		50CE21981DFD83140042E103 /* Assets.xcassets */ = {isa = PBXFileReference; lastKnownFileType = folder.assetcatalog; path = Assets.xcassets; sourceTree = "<group>"; };
		50CE219B1DFD83140042E103 /* Base */ = {isa = PBXFileReference; lastKnownFileType = file.storyboard; name = Base; path = Base.lproj/LaunchScreen.storyboard; sourceTree = "<group>"; };
		50CE219D1DFD83140042E103 /* Info.plist */ = {isa = PBXFileReference; lastKnownFileType = text.plist.xml; path = Info.plist; sourceTree = "<group>"; };
		50CE21A21DFD83140042E103 /* FormulaCalcTests.xctest */ = {isa = PBXFileReference; explicitFileType = wrapper.cfbundle; includeInIndex = 0; path = FormulaCalcTests.xctest; sourceTree = BUILT_PRODUCTS_DIR; };
		50CE21A81DFD83140042E103 /* Info.plist */ = {isa = PBXFileReference; lastKnownFileType = text.plist.xml; path = Info.plist; sourceTree = "<group>"; };
		50CE21B21DFD85CC0042E103 /* Formulitic.framework */ = {isa = PBXFileReference; lastKnownFileType = wrapper.framework; name = Formulitic.framework; path = Carthage/Build/iOS/Formulitic.framework; sourceTree = "<group>"; };
		50CE21B41DFD85D00042E103 /* RxCocoa.framework */ = {isa = PBXFileReference; lastKnownFileType = wrapper.framework; name = RxCocoa.framework; path = Carthage/Build/iOS/RxCocoa.framework; sourceTree = "<group>"; };
		50CE21B61DFD85D30042E103 /* RxSwift.framework */ = {isa = PBXFileReference; lastKnownFileType = wrapper.framework; name = RxSwift.framework; path = Carthage/Build/iOS/RxSwift.framework; sourceTree = "<group>"; };
		50CE21B81DFD85F30042E103 /* Realm.framework */ = {isa = PBXFileReference; lastKnownFileType = wrapper.framework; name = Realm.framework; path = Carthage/Build/iOS/Realm.framework; sourceTree = "<group>"; };
		50CE21B91DFD85F30042E103 /* RealmSwift.framework */ = {isa = PBXFileReference; lastKnownFileType = wrapper.framework; name = RealmSwift.framework; path = Carthage/Build/iOS/RealmSwift.framework; sourceTree = "<group>"; };
		50F6FEBC1E02BF8E002E849C /* ActionObserver.swift */ = {isa = PBXFileReference; fileEncoding = 4; lastKnownFileType = sourcecode.swift; path = ActionObserver.swift; sourceTree = "<group>"; };
		50F6FEBF1E02BF8E002E849C /* TransitionMessage.swift */ = {isa = PBXFileReference; fileEncoding = 4; lastKnownFileType = sourcecode.swift; path = TransitionMessage.swift; sourceTree = "<group>"; };
		50F6FEC01E02BF8E002E849C /* Message.swift */ = {isa = PBXFileReference; fileEncoding = 4; lastKnownFileType = sourcecode.swift; path = Message.swift; sourceTree = "<group>"; };
		50F6FEC11E02BF8E002E849C /* MessageSlot.swift */ = {isa = PBXFileReference; fileEncoding = 4; lastKnownFileType = sourcecode.swift; path = MessageSlot.swift; sourceTree = "<group>"; };
		50F6FEC21E02BF8E002E849C /* ViewModel.swift */ = {isa = PBXFileReference; fileEncoding = 4; lastKnownFileType = sourcecode.swift; path = ViewModel.swift; sourceTree = "<group>"; };
		50F6FECB1E02D2DA002E849C /* UIViewController+Transition.swift */ = {isa = PBXFileReference; fileEncoding = 4; lastKnownFileType = sourcecode.swift; path = "UIViewController+Transition.swift"; sourceTree = "<group>"; };
		50F6FECD1E035A1C002E849C /* DismissingMessage.swift */ = {isa = PBXFileReference; fileEncoding = 4; lastKnownFileType = sourcecode.swift; path = DismissingMessage.swift; sourceTree = "<group>"; };
		50F6FECF1E050FBC002E849C /* SheetList.storyboard */ = {isa = PBXFileReference; fileEncoding = 4; lastKnownFileType = file.storyboard; path = SheetList.storyboard; sourceTree = "<group>"; };
		50F6FED11E051056002E849C /* SheetListViewController.swift */ = {isa = PBXFileReference; fileEncoding = 4; lastKnownFileType = sourcecode.swift; path = SheetListViewController.swift; sourceTree = "<group>"; };
/* End PBXFileReference section */

/* Begin PBXFrameworksBuildPhase section */
		50CE218B1DFD83140042E103 /* Frameworks */ = {
			isa = PBXFrameworksBuildPhase;
			buildActionMask = 2147483647;
			files = (
				50CE21B31DFD85CC0042E103 /* Formulitic.framework in Frameworks */,
				50CE21BA1DFD85F30042E103 /* Realm.framework in Frameworks */,
				50CE21BB1DFD85F30042E103 /* RealmSwift.framework in Frameworks */,
				50CE21B51DFD85D00042E103 /* RxCocoa.framework in Frameworks */,
				50CE21B71DFD85D30042E103 /* RxSwift.framework in Frameworks */,
			);
			runOnlyForDeploymentPostprocessing = 0;
		};
		50CE219F1DFD83140042E103 /* Frameworks */ = {
			isa = PBXFrameworksBuildPhase;
			buildActionMask = 2147483647;
			files = (
				50C45E3F1E21093200F72DD0 /* Formulitic.framework in Frameworks */,
				50C45E401E21093200F72DD0 /* Realm.framework in Frameworks */,
				50C45E411E21093200F72DD0 /* RealmSwift.framework in Frameworks */,
				50C45E421E21093200F72DD0 /* RxCocoa.framework in Frameworks */,
				50C45E431E21093200F72DD0 /* RxSwift.framework in Frameworks */,
			);
			runOnlyForDeploymentPostprocessing = 0;
		};
/* End PBXFrameworksBuildPhase section */

/* Begin PBXGroup section */
		50AE03521E0642A600739B0B /* Utility */ = {
			isa = PBXGroup;
			children = (
				50AE03531E0642CF00739B0B /* RxCocoaComplement.swift */,
			);
			path = Utility;
			sourceTree = "<group>";
		};
		50BD22FB1E05149F00A64650 /* Resource */ = {
			isa = PBXGroup;
			children = (
				50C45E4C1E230CFA00F72DD0 /* Strings */,
				50BD22FC1E0514D200A64650 /* Resource.swift */,
				50BD22FD1E0514D200A64650 /* Resource+Id.swift */,
				50C45E4F1E230E6600F72DD0 /* Resource+String.swift */,
				50C45E511E230FAB00F72DD0 /* ResourceUtils.swift */,
			);
			path = Resource;
			sourceTree = "<group>";
		};
		50BD23001E05163F00A64650 /* ViewModel */ = {
			isa = PBXGroup;
			children = (
				505BFC1E1E0CCE3100AAC3D2 /* DesignSheetViewModel.swift */,
				50C45E2A1E191E5600F72DD0 /* FormulaViewModel.swift */,
				50C45E4A1E2273F200F72DD0 /* InputOneTextViewModel.swift */,
				50C45E261E175B7400F72DD0 /* ItemFormatViewModel.swift */,
				50AE03551E06586400739B0B /* ItemNameViewModel.swift */,
				50C45E221E11482100F72DD0 /* ItemTypeViewModel.swift */,
				505BFC281E0E0C7C00AAC3D2 /* ItemViewModel.swift */,
				50BD23031E05289100A64650 /* MainViewModel.swift */,
				50BD23011E05165500A64650 /* SheetListViewModel.swift */,
				505BFC1C1E0CCDEB00AAC3D2 /* SheetViewModel.swift */,
			);
			path = ViewModel;
			sourceTree = "<group>";
		};
		50C45E301E209B0A00F72DD0 /* Model */ = {
			isa = PBXGroup;
			children = (
				50C45E531E2378A700F72DD0 /* ErrorStore.swift */,
				50C45E321E209B6200F72DD0 /* SheetDatabase.swift */,
				50C45E381E20C14300F72DD0 /* SheetListStore.swift */,
				50C45E461E212C1300F72DD0 /* SheetStore.swift */,
				50C45E361E20B7D200F72DD0 /* Storage.swift */,
			);
			path = Model;
			sourceTree = "<group>";
		};
		50C45E3A1E21031C00F72DD0 /* Model */ = {
			isa = PBXGroup;
			children = (
				50C45E3B1E21034800F72DD0 /* SheetListStoreTests.swift */,
				50C45E481E2202A400F72DD0 /* SheetStoreTests.swift */,
				50C45E3D1E2103CF00F72DD0 /* TestSheetDatabase.swift */,
			);
			path = Model;
			sourceTree = "<group>";
		};
		50C45E4C1E230CFA00F72DD0 /* Strings */ = {
			isa = PBXGroup;
			children = (
				50C45E4D1E230D1A00F72DD0 /* Localizable.strings */,
			);
			path = Strings;
			sourceTree = "<group>";
		};
		50CE21851DFD83140042E103 = {
			isa = PBXGroup;
			children = (
				50CE21901DFD83140042E103 /* FormulaCalc */,
				50CE21A51DFD83140042E103 /* FormulaCalcTests */,
				50CE218F1DFD83140042E103 /* Products */,
				50CE21B11DFD85CC0042E103 /* Frameworks */,
			);
			sourceTree = "<group>";
		};
		50CE218F1DFD83140042E103 /* Products */ = {
			isa = PBXGroup;
			children = (
				50CE218E1DFD83140042E103 /* FormulaCalc.app */,
				50CE21A21DFD83140042E103 /* FormulaCalcTests.xctest */,
			);
			name = Products;
			sourceTree = "<group>";
		};
		50CE21901DFD83140042E103 /* FormulaCalc */ = {
			isa = PBXGroup;
			children = (
				50F6FEC91E02C724002E849C /* View */,
				50BD23001E05163F00A64650 /* ViewModel */,
				50C45E301E209B0A00F72DD0 /* Model */,
				50AE03521E0642A600739B0B /* Utility */,
				50F6FEBB1E02BF8E002E849C /* AppFramework */,
				50BD22FB1E05149F00A64650 /* Resource */,
				50CE21911DFD83140042E103 /* AppDelegate.swift */,
				50CE21981DFD83140042E103 /* Assets.xcassets */,
				50CE219A1DFD83140042E103 /* LaunchScreen.storyboard */,
				50CE219D1DFD83140042E103 /* Info.plist */,
			);
			path = FormulaCalc;
			sourceTree = "<group>";
		};
		50CE21A51DFD83140042E103 /* FormulaCalcTests */ = {
			isa = PBXGroup;
			children = (
				50C45E3A1E21031C00F72DD0 /* Model */,
				50C45E441E210E1500F72DD0 /* FulfillObserver.swift */,
				50CE21A81DFD83140042E103 /* Info.plist */,
			);
			path = FormulaCalcTests;
			sourceTree = "<group>";
		};
		50CE21B11DFD85CC0042E103 /* Frameworks */ = {
			isa = PBXGroup;
			children = (
				50CE21B81DFD85F30042E103 /* Realm.framework */,
				50CE21B91DFD85F30042E103 /* RealmSwift.framework */,
				50CE21B61DFD85D30042E103 /* RxSwift.framework */,
				50CE21B41DFD85D00042E103 /* RxCocoa.framework */,
				50CE21B21DFD85CC0042E103 /* Formulitic.framework */,
			);
			name = Frameworks;
			sourceTree = "<group>";
		};
		50F6FEBB1E02BF8E002E849C /* AppFramework */ = {
			isa = PBXGroup;
			children = (
				50F6FEBD1E02BF8E002E849C /* Message */,
				50F6FEBC1E02BF8E002E849C /* ActionObserver.swift */,
				50C45E1C1E0F70E500F72DD0 /* Context.swift */,
				50F6FEC01E02BF8E002E849C /* Message.swift */,
				50F6FEC11E02BF8E002E849C /* MessageSlot.swift */,
				50F6FEC21E02BF8E002E849C /* ViewModel.swift */,
			);
			path = AppFramework;
			sourceTree = "<group>";
		};
		50F6FEBD1E02BF8E002E849C /* Message */ = {
			isa = PBXGroup;
			children = (
				50F6FECD1E035A1C002E849C /* DismissingMessage.swift */,
				50F6FEBF1E02BF8E002E849C /* TransitionMessage.swift */,
			);
			path = Message;
			sourceTree = "<group>";
		};
		50F6FEC91E02C724002E849C /* View */ = {
			isa = PBXGroup;
			children = (
				50F6FECA1E02C724002E849C /* Storyboard */,
				505BFC181E0ABE9600AAC3D2 /* DesignSheetViewController.swift */,
				50C45E2C1E19215900F72DD0 /* FormulaViewController.swift */,
				50C45E241E17595600F72DD0 /* ItemFormatViewController.swift */,
				50AE035C1E06B42400739B0B /* ItemNameViewController.swift */,
				50C45E201E11479200F72DD0 /* ItemTypeViewController.swift */,
				505BFC261E0E0C4000AAC3D2 /* ItemViewController.swift */,
				50CE21931DFD83140042E103 /* MainViewController.swift */,
				50F6FED11E051056002E849C /* SheetListViewController.swift */,
				505BFC161E0ABE7100AAC3D2 /* SheetViewController.swift */,
				50F6FECB1E02D2DA002E849C /* UIViewController+Transition.swift */,
				50BD23051E05360900A64650 /* ViewControllerFactory.swift */,
			);
			path = View;
			sourceTree = "<group>";
		};
		50F6FECA1E02C724002E849C /* Storyboard */ = {
			isa = PBXGroup;
			children = (
				505BFC221E0CFC8B00AAC3D2 /* DesignSheet.storyboard */,
				50C45E2E1E1926A400F72DD0 /* Formula.storyboard */,
				505BFC241E0E09D900AAC3D2 /* Item.storyboard */,
				50C45E281E17E19C00F72DD0 /* ItemFormat.storyboard */,
				50AE035A1E06B25200739B0B /* ItemName.storyboard */,
				50C45E1E1E11470B00F72DD0 /* ItemType.storyboard */,
				50CE21951DFD83140042E103 /* Main.storyboard */,
				505BFC101E09741E00AAC3D2 /* Sheet.storyboard */,
				50F6FECF1E050FBC002E849C /* SheetList.storyboard */,
			);
			path = Storyboard;
			sourceTree = "<group>";
		};
/* End PBXGroup section */

/* Begin PBXNativeTarget section */
		50CE218D1DFD83140042E103 /* FormulaCalc */ = {
			isa = PBXNativeTarget;
			buildConfigurationList = 50CE21AB1DFD83140042E103 /* Build configuration list for PBXNativeTarget "FormulaCalc" */;
			buildPhases = (
				50CE218A1DFD83140042E103 /* Sources */,
				50CE218B1DFD83140042E103 /* Frameworks */,
				50CE218C1DFD83140042E103 /* Resources */,
				50CE21BC1DFD86010042E103 /* Carthage Copy Frameworks */,
			);
			buildRules = (
			);
			dependencies = (
			);
			name = FormulaCalc;
			productName = FormulaCalc;
			productReference = 50CE218E1DFD83140042E103 /* FormulaCalc.app */;
			productType = "com.apple.product-type.application";
		};
		50CE21A11DFD83140042E103 /* FormulaCalcTests */ = {
			isa = PBXNativeTarget;
			buildConfigurationList = 50CE21AE1DFD83140042E103 /* Build configuration list for PBXNativeTarget "FormulaCalcTests" */;
			buildPhases = (
				50CE219E1DFD83140042E103 /* Sources */,
				50CE219F1DFD83140042E103 /* Frameworks */,
				50CE21A01DFD83140042E103 /* Resources */,
			);
			buildRules = (
			);
			dependencies = (
				50CE21A41DFD83140042E103 /* PBXTargetDependency */,
			);
			name = FormulaCalcTests;
			productName = FormulaCalcTests;
			productReference = 50CE21A21DFD83140042E103 /* FormulaCalcTests.xctest */;
			productType = "com.apple.product-type.bundle.unit-test";
		};
/* End PBXNativeTarget section */

/* Begin PBXProject section */
		50CE21861DFD83140042E103 /* Project object */ = {
			isa = PBXProject;
			attributes = {
				LastSwiftUpdateCheck = 0810;
				LastUpgradeCheck = 0820;
				ORGANIZATIONNAME = hironytic;
				TargetAttributes = {
					50CE218D1DFD83140042E103 = {
						CreatedOnToolsVersion = 8.1;
						DevelopmentTeam = EPZSBGGQZS;
						ProvisioningStyle = Automatic;
					};
					50CE21A11DFD83140042E103 = {
						CreatedOnToolsVersion = 8.1;
						DevelopmentTeam = EPZSBGGQZS;
						ProvisioningStyle = Automatic;
						TestTargetID = 50CE218D1DFD83140042E103;
					};
				};
			};
			buildConfigurationList = 50CE21891DFD83140042E103 /* Build configuration list for PBXProject "FormulaCalc" */;
			compatibilityVersion = "Xcode 3.2";
			developmentRegion = English;
			hasScannedForEncodings = 0;
			knownRegions = (
				en,
				Base,
			);
			mainGroup = 50CE21851DFD83140042E103;
			productRefGroup = 50CE218F1DFD83140042E103 /* Products */;
			projectDirPath = "";
			projectRoot = "";
			targets = (
				50CE218D1DFD83140042E103 /* FormulaCalc */,
				50CE21A11DFD83140042E103 /* FormulaCalcTests */,
			);
		};
/* End PBXProject section */

/* Begin PBXResourcesBuildPhase section */
		50CE218C1DFD83140042E103 /* Resources */ = {
			isa = PBXResourcesBuildPhase;
			buildActionMask = 2147483647;
			files = (
				50F6FED01E050FBC002E849C /* SheetList.storyboard in Resources */,
				50C45E4E1E230D1A00F72DD0 /* Localizable.strings in Resources */,
				50CE219C1DFD83140042E103 /* LaunchScreen.storyboard in Resources */,
				50C45E291E17E19C00F72DD0 /* ItemFormat.storyboard in Resources */,
				505BFC231E0CFC8B00AAC3D2 /* DesignSheet.storyboard in Resources */,
				505BFC111E09741E00AAC3D2 /* Sheet.storyboard in Resources */,
				50AE035B1E06B25200739B0B /* ItemName.storyboard in Resources */,
				50C45E2F1E1926A400F72DD0 /* Formula.storyboard in Resources */,
				505BFC251E0E09D900AAC3D2 /* Item.storyboard in Resources */,
				50C45E1F1E11470B00F72DD0 /* ItemType.storyboard in Resources */,
				50CE21991DFD83140042E103 /* Assets.xcassets in Resources */,
				50CE21971DFD83140042E103 /* Main.storyboard in Resources */,
			);
			runOnlyForDeploymentPostprocessing = 0;
		};
		50CE21A01DFD83140042E103 /* Resources */ = {
			isa = PBXResourcesBuildPhase;
			buildActionMask = 2147483647;
			files = (
			);
			runOnlyForDeploymentPostprocessing = 0;
		};
/* End PBXResourcesBuildPhase section */

/* Begin PBXShellScriptBuildPhase section */
		50CE21BC1DFD86010042E103 /* Carthage Copy Frameworks */ = {
			isa = PBXShellScriptBuildPhase;
			buildActionMask = 2147483647;
			files = (
			);
			inputPaths = (
				"$(SRCROOT)/Carthage/Build/iOS/Formulitic.framework",
				"$(SRCROOT)/Carthage/Build/iOS/Realm.framework",
				"$(SRCROOT)/Carthage/Build/iOS/RealmSwift.framework",
				"$(SRCROOT)/Carthage/Build/iOS/RxCocoa.framework",
				"$(SRCROOT)/Carthage/Build/iOS/RxSwift.framework",
			);
			name = "Carthage Copy Frameworks";
			outputPaths = (
			);
			runOnlyForDeploymentPostprocessing = 0;
			shellPath = /bin/sh;
			shellScript = "/usr/local/bin/carthage copy-frameworks";
		};
/* End PBXShellScriptBuildPhase section */

/* Begin PBXSourcesBuildPhase section */
		50CE218A1DFD83140042E103 /* Sources */ = {
			isa = PBXSourcesBuildPhase;
			buildActionMask = 2147483647;
			files = (
				50C45E1D1E0F70E500F72DD0 /* Context.swift in Sources */,
				50C45E501E230E6600F72DD0 /* Resource+String.swift in Sources */,
				50CE21941DFD83140042E103 /* MainViewController.swift in Sources */,
				50C45E521E230FAB00F72DD0 /* ResourceUtils.swift in Sources */,
				50F6FEC51E02BF8E002E849C /* TransitionMessage.swift in Sources */,
				50F6FECE1E035A1C002E849C /* DismissingMessage.swift in Sources */,
				505BFC271E0E0C4000AAC3D2 /* ItemViewController.swift in Sources */,
				50BD23021E05165500A64650 /* SheetListViewModel.swift in Sources */,
				50BD22FE1E0514D200A64650 /* Resource.swift in Sources */,
				50C45E2D1E19215900F72DD0 /* FormulaViewController.swift in Sources */,
				50AE03541E0642CF00739B0B /* RxCocoaComplement.swift in Sources */,
				50C45E271E175B7400F72DD0 /* ItemFormatViewModel.swift in Sources */,
				50C45E231E11482100F72DD0 /* ItemTypeViewModel.swift in Sources */,
				50F6FEC71E02BF8E002E849C /* MessageSlot.swift in Sources */,
				50BD23061E05360900A64650 /* ViewControllerFactory.swift in Sources */,
				50F6FED21E051056002E849C /* SheetListViewController.swift in Sources */,
				50C45E251E17595600F72DD0 /* ItemFormatViewController.swift in Sources */,
				50C45E371E20B7D200F72DD0 /* Storage.swift in Sources */,
				50BD23041E05289100A64650 /* MainViewModel.swift in Sources */,
				50C45E2B1E191E5600F72DD0 /* FormulaViewModel.swift in Sources */,
				505BFC1D1E0CCDEB00AAC3D2 /* SheetViewModel.swift in Sources */,
				50AE03561E06586400739B0B /* ItemNameViewModel.swift in Sources */,
				50F6FEC61E02BF8E002E849C /* Message.swift in Sources */,
				50C45E391E20C14300F72DD0 /* SheetListStore.swift in Sources */,
				50CE21921DFD83140042E103 /* AppDelegate.swift in Sources */,
				50BD22FF1E0514D200A64650 /* Resource+Id.swift in Sources */,
				50C45E211E11479200F72DD0 /* ItemTypeViewController.swift in Sources */,
				50C45E4B1E2273F200F72DD0 /* InputOneTextViewModel.swift in Sources */,
				50C45E541E2378A700F72DD0 /* ErrorStore.swift in Sources */,
				50AE035D1E06B42400739B0B /* ItemNameViewController.swift in Sources */,
				505BFC291E0E0C7C00AAC3D2 /* ItemViewModel.swift in Sources */,
				50F6FECC1E02D2DA002E849C /* UIViewController+Transition.swift in Sources */,
				50F6FEC81E02BF8E002E849C /* ViewModel.swift in Sources */,
				505BFC1F1E0CCE3100AAC3D2 /* DesignSheetViewModel.swift in Sources */,
				50F6FEC31E02BF8E002E849C /* ActionObserver.swift in Sources */,
				50C45E471E212C1300F72DD0 /* SheetStore.swift in Sources */,
				505BFC191E0ABE9600AAC3D2 /* DesignSheetViewController.swift in Sources */,
				505BFC171E0ABE7100AAC3D2 /* SheetViewController.swift in Sources */,
				50C45E331E209B6200F72DD0 /* SheetDatabase.swift in Sources */,
			);
			runOnlyForDeploymentPostprocessing = 0;
		};
		50CE219E1DFD83140042E103 /* Sources */ = {
			isa = PBXSourcesBuildPhase;
			buildActionMask = 2147483647;
			files = (
				50C45E3E1E2103CF00F72DD0 /* TestSheetDatabase.swift in Sources */,
				50C45E491E2202A400F72DD0 /* SheetStoreTests.swift in Sources */,
				50C45E451E210E1500F72DD0 /* FulfillObserver.swift in Sources */,
				50C45E3C1E21034800F72DD0 /* SheetListStoreTests.swift in Sources */,
			);
			runOnlyForDeploymentPostprocessing = 0;
		};
/* End PBXSourcesBuildPhase section */

/* Begin PBXTargetDependency section */
		50CE21A41DFD83140042E103 /* PBXTargetDependency */ = {
			isa = PBXTargetDependency;
			target = 50CE218D1DFD83140042E103 /* FormulaCalc */;
			targetProxy = 50CE21A31DFD83140042E103 /* PBXContainerItemProxy */;
		};
/* End PBXTargetDependency section */

/* Begin PBXVariantGroup section */
		50CE21951DFD83140042E103 /* Main.storyboard */ = {
			isa = PBXVariantGroup;
			children = (
				50CE21961DFD83140042E103 /* Base */,
			);
			name = Main.storyboard;
			sourceTree = "<group>";
		};
		50CE219A1DFD83140042E103 /* LaunchScreen.storyboard */ = {
			isa = PBXVariantGroup;
			children = (
				50CE219B1DFD83140042E103 /* Base */,
			);
			name = LaunchScreen.storyboard;
			sourceTree = "<group>";
		};
/* End PBXVariantGroup section */

/* Begin XCBuildConfiguration section */
		50CE21A91DFD83140042E103 /* Debug */ = {
			isa = XCBuildConfiguration;
			buildSettings = {
				ALWAYS_SEARCH_USER_PATHS = NO;
				CLANG_ANALYZER_NONNULL = YES;
				CLANG_CXX_LANGUAGE_STANDARD = "gnu++0x";
				CLANG_CXX_LIBRARY = "libc++";
				CLANG_ENABLE_MODULES = YES;
				CLANG_ENABLE_OBJC_ARC = YES;
				CLANG_WARN_BOOL_CONVERSION = YES;
				CLANG_WARN_CONSTANT_CONVERSION = YES;
				CLANG_WARN_DIRECT_OBJC_ISA_USAGE = YES_ERROR;
				CLANG_WARN_DOCUMENTATION_COMMENTS = YES;
				CLANG_WARN_EMPTY_BODY = YES;
				CLANG_WARN_ENUM_CONVERSION = YES;
				CLANG_WARN_INFINITE_RECURSION = YES;
				CLANG_WARN_INT_CONVERSION = YES;
				CLANG_WARN_OBJC_ROOT_CLASS = YES_ERROR;
				CLANG_WARN_SUSPICIOUS_MOVE = YES;
				CLANG_WARN_SUSPICIOUS_MOVES = YES;
				CLANG_WARN_UNREACHABLE_CODE = YES;
				CLANG_WARN__DUPLICATE_METHOD_MATCH = YES;
				"CODE_SIGN_IDENTITY[sdk=iphoneos*]" = "iPhone Developer";
				COPY_PHASE_STRIP = NO;
				DEBUG_INFORMATION_FORMAT = dwarf;
				ENABLE_STRICT_OBJC_MSGSEND = YES;
				ENABLE_TESTABILITY = YES;
				GCC_C_LANGUAGE_STANDARD = gnu99;
				GCC_DYNAMIC_NO_PIC = NO;
				GCC_NO_COMMON_BLOCKS = YES;
				GCC_OPTIMIZATION_LEVEL = 0;
				GCC_PREPROCESSOR_DEFINITIONS = (
					"DEBUG=1",
					"$(inherited)",
				);
				GCC_WARN_64_TO_32_BIT_CONVERSION = YES;
				GCC_WARN_ABOUT_RETURN_TYPE = YES_ERROR;
				GCC_WARN_UNDECLARED_SELECTOR = YES;
				GCC_WARN_UNINITIALIZED_AUTOS = YES_AGGRESSIVE;
				GCC_WARN_UNUSED_FUNCTION = YES;
				GCC_WARN_UNUSED_VARIABLE = YES;
				IPHONEOS_DEPLOYMENT_TARGET = 9.3;
				MTL_ENABLE_DEBUG_INFO = YES;
				ONLY_ACTIVE_ARCH = YES;
				SDKROOT = iphoneos;
				SWIFT_ACTIVE_COMPILATION_CONDITIONS = DEBUG;
				SWIFT_OPTIMIZATION_LEVEL = "-Onone";
				TARGETED_DEVICE_FAMILY = "1,2";
			};
			name = Debug;
		};
		50CE21AA1DFD83140042E103 /* Release */ = {
			isa = XCBuildConfiguration;
			buildSettings = {
				ALWAYS_SEARCH_USER_PATHS = NO;
				CLANG_ANALYZER_NONNULL = YES;
				CLANG_CXX_LANGUAGE_STANDARD = "gnu++0x";
				CLANG_CXX_LIBRARY = "libc++";
				CLANG_ENABLE_MODULES = YES;
				CLANG_ENABLE_OBJC_ARC = YES;
				CLANG_WARN_BOOL_CONVERSION = YES;
				CLANG_WARN_CONSTANT_CONVERSION = YES;
				CLANG_WARN_DIRECT_OBJC_ISA_USAGE = YES_ERROR;
				CLANG_WARN_DOCUMENTATION_COMMENTS = YES;
				CLANG_WARN_EMPTY_BODY = YES;
				CLANG_WARN_ENUM_CONVERSION = YES;
				CLANG_WARN_INFINITE_RECURSION = YES;
				CLANG_WARN_INT_CONVERSION = YES;
				CLANG_WARN_OBJC_ROOT_CLASS = YES_ERROR;
				CLANG_WARN_SUSPICIOUS_MOVE = YES;
				CLANG_WARN_SUSPICIOUS_MOVES = YES;
				CLANG_WARN_UNREACHABLE_CODE = YES;
				CLANG_WARN__DUPLICATE_METHOD_MATCH = YES;
				"CODE_SIGN_IDENTITY[sdk=iphoneos*]" = "iPhone Developer";
				COPY_PHASE_STRIP = NO;
				DEBUG_INFORMATION_FORMAT = "dwarf-with-dsym";
				ENABLE_NS_ASSERTIONS = NO;
				ENABLE_STRICT_OBJC_MSGSEND = YES;
				GCC_C_LANGUAGE_STANDARD = gnu99;
				GCC_NO_COMMON_BLOCKS = YES;
				GCC_WARN_64_TO_32_BIT_CONVERSION = YES;
				GCC_WARN_ABOUT_RETURN_TYPE = YES_ERROR;
				GCC_WARN_UNDECLARED_SELECTOR = YES;
				GCC_WARN_UNINITIALIZED_AUTOS = YES_AGGRESSIVE;
				GCC_WARN_UNUSED_FUNCTION = YES;
				GCC_WARN_UNUSED_VARIABLE = YES;
				IPHONEOS_DEPLOYMENT_TARGET = 9.3;
				MTL_ENABLE_DEBUG_INFO = NO;
				SDKROOT = iphoneos;
				SWIFT_OPTIMIZATION_LEVEL = "-Owholemodule";
				TARGETED_DEVICE_FAMILY = "1,2";
				VALIDATE_PRODUCT = YES;
			};
			name = Release;
		};
		50CE21AC1DFD83140042E103 /* Debug */ = {
			isa = XCBuildConfiguration;
			buildSettings = {
				ASSETCATALOG_COMPILER_APPICON_NAME = AppIcon;
				DEVELOPMENT_TEAM = EPZSBGGQZS;
				FRAMEWORK_SEARCH_PATHS = (
					"$(inherited)",
					"$(PROJECT_DIR)/Carthage/Build/iOS",
				);
				INFOPLIST_FILE = FormulaCalc/Info.plist;
				LD_RUNPATH_SEARCH_PATHS = "$(inherited) @executable_path/Frameworks";
				PRODUCT_BUNDLE_IDENTIFIER = com.hironytic.FormulaCalc;
				PRODUCT_NAME = "$(TARGET_NAME)";
				SWIFT_VERSION = 3.0;
			};
			name = Debug;
		};
		50CE21AD1DFD83140042E103 /* Release */ = {
			isa = XCBuildConfiguration;
			buildSettings = {
				ASSETCATALOG_COMPILER_APPICON_NAME = AppIcon;
				DEVELOPMENT_TEAM = EPZSBGGQZS;
				FRAMEWORK_SEARCH_PATHS = (
					"$(inherited)",
					"$(PROJECT_DIR)/Carthage/Build/iOS",
				);
				INFOPLIST_FILE = FormulaCalc/Info.plist;
				LD_RUNPATH_SEARCH_PATHS = "$(inherited) @executable_path/Frameworks";
				PRODUCT_BUNDLE_IDENTIFIER = com.hironytic.FormulaCalc;
				PRODUCT_NAME = "$(TARGET_NAME)";
				SWIFT_VERSION = 3.0;
			};
			name = Release;
		};
		50CE21AF1DFD83140042E103 /* Debug */ = {
			isa = XCBuildConfiguration;
			buildSettings = {
				ALWAYS_EMBED_SWIFT_STANDARD_LIBRARIES = YES;
				BUNDLE_LOADER = "$(TEST_HOST)";
				DEVELOPMENT_TEAM = EPZSBGGQZS;
				FRAMEWORK_SEARCH_PATHS = (
					"$(inherited)",
					"$(PROJECT_DIR)/Carthage/Build/iOS",
				);
				INFOPLIST_FILE = FormulaCalcTests/Info.plist;
				LD_RUNPATH_SEARCH_PATHS = "$(inherited) @executable_path/Frameworks @loader_path/Frameworks";
				PRODUCT_BUNDLE_IDENTIFIER = com.hironytic.FormulaCalcTests;
				PRODUCT_NAME = "$(TARGET_NAME)";
				SWIFT_VERSION = 3.0;
				TEST_HOST = "$(BUILT_PRODUCTS_DIR)/FormulaCalc.app/FormulaCalc";
			};
			name = Debug;
		};
		50CE21B01DFD83140042E103 /* Release */ = {
			isa = XCBuildConfiguration;
			buildSettings = {
				ALWAYS_EMBED_SWIFT_STANDARD_LIBRARIES = YES;
				BUNDLE_LOADER = "$(TEST_HOST)";
				DEVELOPMENT_TEAM = EPZSBGGQZS;
				FRAMEWORK_SEARCH_PATHS = (
					"$(inherited)",
					"$(PROJECT_DIR)/Carthage/Build/iOS",
				);
				INFOPLIST_FILE = FormulaCalcTests/Info.plist;
				LD_RUNPATH_SEARCH_PATHS = "$(inherited) @executable_path/Frameworks @loader_path/Frameworks";
				PRODUCT_BUNDLE_IDENTIFIER = com.hironytic.FormulaCalcTests;
				PRODUCT_NAME = "$(TARGET_NAME)";
				SWIFT_VERSION = 3.0;
				TEST_HOST = "$(BUILT_PRODUCTS_DIR)/FormulaCalc.app/FormulaCalc";
			};
			name = Release;
		};
/* End XCBuildConfiguration section */

/* Begin XCConfigurationList section */
		50CE21891DFD83140042E103 /* Build configuration list for PBXProject "FormulaCalc" */ = {
			isa = XCConfigurationList;
			buildConfigurations = (
				50CE21A91DFD83140042E103 /* Debug */,
				50CE21AA1DFD83140042E103 /* Release */,
			);
			defaultConfigurationIsVisible = 0;
			defaultConfigurationName = Release;
		};
		50CE21AB1DFD83140042E103 /* Build configuration list for PBXNativeTarget "FormulaCalc" */ = {
			isa = XCConfigurationList;
			buildConfigurations = (
				50CE21AC1DFD83140042E103 /* Debug */,
				50CE21AD1DFD83140042E103 /* Release */,
			);
			defaultConfigurationIsVisible = 0;
			defaultConfigurationName = Release;
		};
		50CE21AE1DFD83140042E103 /* Build configuration list for PBXNativeTarget "FormulaCalcTests" */ = {
			isa = XCConfigurationList;
			buildConfigurations = (
				50CE21AF1DFD83140042E103 /* Debug */,
				50CE21B01DFD83140042E103 /* Release */,
			);
			defaultConfigurationIsVisible = 0;
			defaultConfigurationName = Release;
		};
/* End XCConfigurationList section */
	};
	rootObject = 50CE21861DFD83140042E103 /* Project object */;
}
